
Microsoft Visual Studio Solution File, Format Version 12.00
# Visual Studio 15
VisualStudioVersion = 15.0.28307.106
MinimumVisualStudioVersion = 10.0.40219.1
Project("{FAE04EC0-301F-11D3-BF4B-00C04F79EFBC}") = "Event Handling", "Event Handling\Event Handling.csproj", "{7298E340-0112-456E-851B-B23A97852A77}"
EndProject
Global
	GlobalSection(SolutionConfigurationPlatforms) = preSolution
		Debug|Any CPU = Debug|Any CPU
		Release|Any CPU = Release|Any CPU
	EndGlobalSection
	GlobalSection(ProjectConfigurationPlatforms) = postSolution
		{7298E340-0112-456E-851B-B23A97852A77}.Debug|Any CPU.ActiveCfg = Debug|Any CPU
		{7298E340-0112-456E-851B-B23A97852A77}.Debug|Any CPU.Build.0 = Debug|Any CPU
		{7298E340-0112-456E-851B-B23A97852A77}.Release|Any CPU.ActiveCfg = Release|Any CPU
		{7298E340-0112-456E-851B-B23A97852A77}.Release|Any CPU.Build.0 = Release|Any CPU
	EndGlobalSection
	GlobalSection(SolutionProperties) = preSolution
		HideSolutionNode = FALSE
	EndGlobalSection
	GlobalSection(ExtensibilityGlobals) = postSolution
		SolutionGuid = {CDA86735-9FF1-46AE-98FC-C377837C452E}
	EndGlobalSection
EndGlobal
